
Microsoft Visual Studio Solution File, Format Version 12.00
# Visual Studio 15
VisualStudioVersion = 15.0.28307.421
MinimumVisualStudioVersion = 10.0.40219.1
Project("{FAE04EC0-301F-11D3-BF4B-00C04F79EFBC}") = "PhotoImporter", "PhotoImporter\PhotoImporter.csproj", "{BC99F292-009B-4314-A488-1EF64C6773E9}"
EndProject
Global
	GlobalSection(SolutionConfigurationPlatforms) = preSolution
		Debug|Any CPU = Debug|Any CPU
		Release|Any CPU = Release|Any CPU
	EndGlobalSection
	GlobalSection(ProjectConfigurationPlatforms) = postSolution
		{BC99F292-009B-4314-A488-1EF64C6773E9}.Debug|Any CPU.ActiveCfg = Debug|Any CPU
		{BC99F292-009B-4314-A488-1EF64C6773E9}.Debug|Any CPU.Build.0 = Debug|Any CPU
		{BC99F292-009B-4314-A488-1EF64C6773E9}.Release|Any CPU.ActiveCfg = Release|Any CPU
		{BC99F292-009B-4314-A488-1EF64C6773E9}.Release|Any CPU.Build.0 = Release|Any CPU
	EndGlobalSection
	GlobalSection(SolutionProperties) = preSolution
		HideSolutionNode = FALSE
	EndGlobalSection
	GlobalSection(ExtensibilityGlobals) = postSolution
		SolutionGuid = {351710C0-07D5-4CD5-998C-1A6AEABE519E}
	EndGlobalSection
EndGlobal
